
Microsoft Visual Studio Solution File, Format Version 12.00
# Visual Studio Version 16
VisualStudioVersion = 16.0.30330.147
MinimumVisualStudioVersion = 10.0.40219.1
Project("{9A19103F-16F7-4668-BE54-9A1E7A4F7556}") = "NotificationService", "..\TimesheetManagement\NotificationService\NotificationService.csproj", "{F8359ED6-94E3-40F5-A91E-6D5D580057D3}"
EndProject
Global
	GlobalSection(SolutionConfigurationPlatforms) = preSolution
		Debug|Any CPU = Debug|Any CPU
		Release|Any CPU = Release|Any CPU
	EndGlobalSection
	GlobalSection(ProjectConfigurationPlatforms) = postSolution
		{F8359ED6-94E3-40F5-A91E-6D5D580057D3}.Debug|Any CPU.ActiveCfg = Debug|Any CPU
		{F8359ED6-94E3-40F5-A91E-6D5D580057D3}.Debug|Any CPU.Build.0 = Debug|Any CPU
		{F8359ED6-94E3-40F5-A91E-6D5D580057D3}.Release|Any CPU.ActiveCfg = Release|Any CPU
		{F8359ED6-94E3-40F5-A91E-6D5D580057D3}.Release|Any CPU.Build.0 = Release|Any CPU
	EndGlobalSection
	GlobalSection(SolutionProperties) = preSolution
		HideSolutionNode = FALSE
	EndGlobalSection
	GlobalSection(ExtensibilityGlobals) = postSolution
		SolutionGuid = {157F3B22-AAB6-4E2C-999D-D2E465F22CF4}
	EndGlobalSection
EndGlobal
